github.com/ideco-team/docsUTM v0.0.0-20240802095519-5f9351a8e2cb h1:x5XIjUdBn0dOcXi8HY/nmwwtcBuJ3sFSJaIQqH9gd14=
github.com/ideco-team/docsUTM v0.0.0-20240802095519-5f9351a8e2cb/go.mod h1:AqPhZgGYtKjNzVUa71tDcW6CdbOcAIIMfdzFhBHUteM=
github.com/imfing/hextra v0.8.0 h1:bG2GavmsMAgRRCrm+N4c+m6mBm9KYrgGH0mgaJpIXjM=
github.com/imfing/hextra v0.8.0/go.mod h1:cEfel3lU/bSx7lTE/+uuR4GJaphyOyiwNR3PTqFTXpI=
